
Microsoft Visual Studio Solution File, Format Version 12.00
# Visual Studio Version 17
VisualStudioVersion = 17.3.32901.215
MinimumVisualStudioVersion = 10.0.40219.1
Project("{FAE04EC0-301F-11D3-BF4B-00C04F79EFBC}") = "Rock-Paper-Scissor-Lizard-Spock", "Rock-Paper-Scissor-Lizard-Spock.csproj", "{B09743A8-8513-4781-832A-9BC73135D37D}"
EndProject
Global
	GlobalSection(SolutionConfigurationPlatforms) = preSolution
		Debug|Any CPU = Debug|Any CPU
		Release|Any CPU = Release|Any CPU
	EndGlobalSection
	GlobalSection(ProjectConfigurationPlatforms) = postSolution
		{B09743A8-8513-4781-832A-9BC73135D37D}.Debug|Any CPU.ActiveCfg = Debug|Any CPU
		{B09743A8-8513-4781-832A-9BC73135D37D}.Debug|Any CPU.Build.0 = Debug|Any CPU
		{B09743A8-8513-4781-832A-9BC73135D37D}.Release|Any CPU.ActiveCfg = Release|Any CPU
		{B09743A8-8513-4781-832A-9BC73135D37D}.Release|Any CPU.Build.0 = Release|Any CPU
	EndGlobalSection
	GlobalSection(SolutionProperties) = preSolution
		HideSolutionNode = FALSE
	EndGlobalSection
	GlobalSection(ExtensibilityGlobals) = postSolution
		SolutionGuid = {6190CAE7-6EF2-4785-808D-18AF8727F9B5}
	EndGlobalSection
EndGlobal
